
Microsoft Visual Studio Solution File, Format Version 12.00
# Visual Studio Version 17
VisualStudioVersion = 17.1.32319.34
MinimumVisualStudioVersion = 10.0.40219.1
Project("{FAE04EC0-301F-11D3-BF4B-00C04F79EFBC}") = "Exercise 2", "Exercise 2\Exercise 2.csproj", "{8EB8AB21-69CD-497C-8450-6E949A2D6841}"
EndProject
Global
	GlobalSection(SolutionConfigurationPlatforms) = preSolution
		Debug|Any CPU = Debug|Any CPU
		Release|Any CPU = Release|Any CPU
	EndGlobalSection
	GlobalSection(ProjectConfigurationPlatforms) = postSolution
		{8EB8AB21-69CD-497C-8450-6E949A2D6841}.Debug|Any CPU.ActiveCfg = Debug|Any CPU
		{8EB8AB21-69CD-497C-8450-6E949A2D6841}.Debug|Any CPU.Build.0 = Debug|Any CPU
		{8EB8AB21-69CD-497C-8450-6E949A2D6841}.Release|Any CPU.ActiveCfg = Release|Any CPU
		{8EB8AB21-69CD-497C-8450-6E949A2D6841}.Release|Any CPU.Build.0 = Release|Any CPU
	EndGlobalSection
	GlobalSection(SolutionProperties) = preSolution
		HideSolutionNode = FALSE
	EndGlobalSection
	GlobalSection(ExtensibilityGlobals) = postSolution
		SolutionGuid = {C8211B76-3887-4074-9F96-DC5375D39084}
	EndGlobalSection
EndGlobal
